
Microsoft Visual Studio Solution File, Format Version 12.00
# Visual Studio Version 16
VisualStudioVersion = 16.0.31702.278
MinimumVisualStudioVersion = 10.0.40219.1
Project("{8BC9CEB8-8B4A-11D0-8D11-00A0C91BC942}") = "WeatherStation", "Weather Station\Weather Station.vcxproj", "{B538F992-D24F-4557-A7B3-37B7D0CD77D8}"
EndProject
Project("{8BC9CEB8-8B4A-11D0-8D11-00A0C91BC942}") = "WeatherStationTests", "WeatherStationTests\WeatherStationTests.vcxproj", "{BA2FCAC6-85F2-411A-B2EB-0C8D57B4A4D9}"
EndProject
Project("{8BC9CEB8-8B4A-11D0-8D11-00A0C91BC942}") = "WeatherStationDuo", "WeatherStationDuo\WeatherStationDuo.vcxproj", "{2F2B77D2-F9E0-4593-9D68-F015E87852A5}"
EndProject
Project("{8BC9CEB8-8B4A-11D0-8D11-00A0C91BC942}") = "WeatherStationDuoTests", "WeatherStationDuoTests\WeatherStationDuoTests.vcxproj", "{30BC3C28-2788-4CCF-B521-2639F12E8AFE}"
EndProject
Project("{8BC9CEB8-8B4A-11D0-8D11-00A0C91BC942}") = "WeatherStationPro", "WeatherStationPro\WeatherStationPro.vcxproj", "{5340AD92-851C-4EBB-A36F-BAACEA5B0254}"
EndProject
Project("{8BC9CEB8-8B4A-11D0-8D11-00A0C91BC942}") = "WeatherStationProDuo", "WeatherStationProDuo\WeatherStationProDuo.vcxproj", "{AB9932AA-58FC-4E04-888A-2552217D02D7}"
EndProject
Project("{8BC9CEB8-8B4A-11D0-8D11-00A0C91BC942}") = "SimplifiedWeatherStationPro", "SimplifiedWeatherStationPro\SimplifiedWeatherStationPro.vcxproj", "{4CB940E0-4198-40C2-A60D-7ABA208A446A}"
EndProject
Global
	GlobalSection(SolutionConfigurationPlatforms) = preSolution
		Debug|Any CPU = Debug|Any CPU
		Debug|x64 = Debug|x64
		Debug|x86 = Debug|x86
		Release|Any CPU = Release|Any CPU
		Release|x64 = Release|x64
		Release|x86 = Release|x86
	EndGlobalSection
	GlobalSection(ProjectConfigurationPlatforms) = postSolution
		{B538F992-D24F-4557-A7B3-37B7D0CD77D8}.Debug|Any CPU.ActiveCfg = Debug|Win32
		{B538F992-D24F-4557-A7B3-37B7D0CD77D8}.Debug|x64.ActiveCfg = Debug|x64
		{B538F992-D24F-4557-A7B3-37B7D0CD77D8}.Debug|x64.Build.0 = Debug|x64
		{B538F992-D24F-4557-A7B3-37B7D0CD77D8}.Debug|x86.ActiveCfg = Debug|Win32
		{B538F992-D24F-4557-A7B3-37B7D0CD77D8}.Debug|x86.Build.0 = Debug|Win32
		{B538F992-D24F-4557-A7B3-37B7D0CD77D8}.Release|Any CPU.ActiveCfg = Release|Win32
		{B538F992-D24F-4557-A7B3-37B7D0CD77D8}.Release|x64.ActiveCfg = Release|x64
		{B538F992-D24F-4557-A7B3-37B7D0CD77D8}.Release|x64.Build.0 = Release|x64
		{B538F992-D24F-4557-A7B3-37B7D0CD77D8}.Release|x86.ActiveCfg = Release|Win32
		{B538F992-D24F-4557-A7B3-37B7D0CD77D8}.Release|x86.Build.0 = Release|Win32
		{BA2FCAC6-85F2-411A-B2EB-0C8D57B4A4D9}.Debug|Any CPU.ActiveCfg = Debug|Win32
		{BA2FCAC6-85F2-411A-B2EB-0C8D57B4A4D9}.Debug|x64.ActiveCfg = Debug|x64
		{BA2FCAC6-85F2-411A-B2EB-0C8D57B4A4D9}.Debug|x64.Build.0 = Debug|x64
		{BA2FCAC6-85F2-411A-B2EB-0C8D57B4A4D9}.Debug|x86.ActiveCfg = Debug|Win32
		{BA2FCAC6-85F2-411A-B2EB-0C8D57B4A4D9}.Debug|x86.Build.0 = Debug|Win32
		{BA2FCAC6-85F2-411A-B2EB-0C8D57B4A4D9}.Release|Any CPU.ActiveCfg = Release|Win32
		{BA2FCAC6-85F2-411A-B2EB-0C8D57B4A4D9}.Release|x64.ActiveCfg = Release|x64
		{BA2FCAC6-85F2-411A-B2EB-0C8D57B4A4D9}.Release|x64.Build.0 = Release|x64
		{BA2FCAC6-85F2-411A-B2EB-0C8D57B4A4D9}.Release|x86.ActiveCfg = Release|Win32
		{BA2FCAC6-85F2-411A-B2EB-0C8D57B4A4D9}.Release|x86.Build.0 = Release|Win32
		{2F2B77D2-F9E0-4593-9D68-F015E87852A5}.Debug|Any CPU.ActiveCfg = Debug|Win32
		{2F2B77D2-F9E0-4593-9D68-F015E87852A5}.Debug|x64.ActiveCfg = Debug|x64
		{2F2B77D2-F9E0-4593-9D68-F015E87852A5}.Debug|x64.Build.0 = Debug|x64
		{2F2B77D2-F9E0-4593-9D68-F015E87852A5}.Debug|x86.ActiveCfg = Debug|Win32
		{2F2B77D2-F9E0-4593-9D68-F015E87852A5}.Debug|x86.Build.0 = Debug|Win32
		{2F2B77D2-F9E0-4593-9D68-F015E87852A5}.Release|Any CPU.ActiveCfg = Release|Win32
		{2F2B77D2-F9E0-4593-9D68-F015E87852A5}.Release|x64.ActiveCfg = Release|x64
		{2F2B77D2-F9E0-4593-9D68-F015E87852A5}.Release|x64.Build.0 = Release|x64
		{2F2B77D2-F9E0-4593-9D68-F015E87852A5}.Release|x86.ActiveCfg = Release|Win32
		{2F2B77D2-F9E0-4593-9D68-F015E87852A5}.Release|x86.Build.0 = Release|Win32
		{30BC3C28-2788-4CCF-B521-2639F12E8AFE}.Debug|Any CPU.ActiveCfg = Debug|Win32
		{30BC3C28-2788-4CCF-B521-2639F12E8AFE}.Debug|x64.ActiveCfg = Debug|x64
		{30BC3C28-2788-4CCF-B521-2639F12E8AFE}.Debug|x64.Build.0 = Debug|x64
		{30BC3C28-2788-4CCF-B521-2639F12E8AFE}.Debug|x86.ActiveCfg = Debug|Win32
		{30BC3C28-2788-4CCF-B521-2639F12E8AFE}.Debug|x86.Build.0 = Debug|Win32
		{30BC3C28-2788-4CCF-B521-2639F12E8AFE}.Release|Any CPU.ActiveCfg = Release|Win32
		{30BC3C28-2788-4CCF-B521-2639F12E8AFE}.Release|x64.ActiveCfg = Release|x64
		{30BC3C28-2788-4CCF-B521-2639F12E8AFE}.Release|x64.Build.0 = Release|x64
		{30BC3C28-2788-4CCF-B521-2639F12E8AFE}.Release|x86.ActiveCfg = Release|Win32
		{30BC3C28-2788-4CCF-B521-2639F12E8AFE}.Release|x86.Build.0 = Release|Win32
		{5340AD92-851C-4EBB-A36F-BAACEA5B0254}.Debug|Any CPU.ActiveCfg = Debug|Win32
		{5340AD92-851C-4EBB-A36F-BAACEA5B0254}.Debug|x64.ActiveCfg = Debug|x64
		{5340AD92-851C-4EBB-A36F-BAACEA5B0254}.Debug|x64.Build.0 = Debug|x64
		{5340AD92-851C-4EBB-A36F-BAACEA5B0254}.Debug|x86.ActiveCfg = Debug|Win32
		{5340AD92-851C-4EBB-A36F-BAACEA5B0254}.Debug|x86.Build.0 = Debug|Win32
		{5340AD92-851C-4EBB-A36F-BAACEA5B0254}.Release|Any CPU.ActiveCfg = Release|Win32
		{5340AD92-851C-4EBB-A36F-BAACEA5B0254}.Release|x64.ActiveCfg = Release|x64
		{5340AD92-851C-4EBB-A36F-BAACEA5B0254}.Release|x64.Build.0 = Release|x64
		{5340AD92-851C-4EBB-A36F-BAACEA5B0254}.Release|x86.ActiveCfg = Release|Win32
		{5340AD92-851C-4EBB-A36F-BAACEA5B0254}.Release|x86.Build.0 = Release|Win32
		{AB9932AA-58FC-4E04-888A-2552217D02D7}.Debug|Any CPU.ActiveCfg = Debug|Win32
		{AB9932AA-58FC-4E04-888A-2552217D02D7}.Debug|x64.ActiveCfg = Debug|x64
		{AB9932AA-58FC-4E04-888A-2552217D02D7}.Debug|x64.Build.0 = Debug|x64
		{AB9932AA-58FC-4E04-888A-2552217D02D7}.Debug|x86.ActiveCfg = Debug|Win32
		{AB9932AA-58FC-4E04-888A-2552217D02D7}.Debug|x86.Build.0 = Debug|Win32
		{AB9932AA-58FC-4E04-888A-2552217D02D7}.Release|Any CPU.ActiveCfg = Release|Win32
		{AB9932AA-58FC-4E04-888A-2552217D02D7}.Release|x64.ActiveCfg = Release|x64
		{AB9932AA-58FC-4E04-888A-2552217D02D7}.Release|x64.Build.0 = Release|x64
		{AB9932AA-58FC-4E04-888A-2552217D02D7}.Release|x86.ActiveCfg = Release|Win32
		{AB9932AA-58FC-4E04-888A-2552217D02D7}.Release|x86.Build.0 = Release|Win32
		{4CB940E0-4198-40C2-A60D-7ABA208A446A}.Debug|Any CPU.ActiveCfg = Debug|Win32
		{4CB940E0-4198-40C2-A60D-7ABA208A446A}.Debug|x64.ActiveCfg = Debug|x64
		{4CB940E0-4198-40C2-A60D-7ABA208A446A}.Debug|x64.Build.0 = Debug|x64
		{4CB940E0-4198-40C2-A60D-7ABA208A446A}.Debug|x86.ActiveCfg = Debug|Win32
		{4CB940E0-4198-40C2-A60D-7ABA208A446A}.Debug|x86.Build.0 = Debug|Win32
		{4CB940E0-4198-40C2-A60D-7ABA208A446A}.Release|Any CPU.ActiveCfg = Release|Win32
		{4CB940E0-4198-40C2-A60D-7ABA208A446A}.Release|x64.ActiveCfg = Release|x64
		{4CB940E0-4198-40C2-A60D-7ABA208A446A}.Release|x64.Build.0 = Release|x64
		{4CB940E0-4198-40C2-A60D-7ABA208A446A}.Release|x86.ActiveCfg = Release|Win32
		{4CB940E0-4198-40C2-A60D-7ABA208A446A}.Release|x86.Build.0 = Release|Win32
	EndGlobalSection
	GlobalSection(SolutionProperties) = preSolution
		HideSolutionNode = FALSE
	EndGlobalSection
	GlobalSection(ExtensibilityGlobals) = postSolution
		SolutionGuid = {DCBE5CFB-64E9-47D4-8869-C209A04B2F6E}
	EndGlobalSection
EndGlobal
