
Microsoft Visual Studio Solution File, Format Version 12.00
# Visual Studio Version 16
VisualStudioVersion = 16.0.31702.278
MinimumVisualStudioVersion = 10.0.40219.1
Project("{8BC9CEB8-8B4A-11D0-8D11-00A0C91BC942}") = "lw4", "lw4\lw4.vcxproj", "{ECEB4BCF-E6A5-46C3-AA85-B47C723DBD95}"
EndProject
Project("{8BC9CEB8-8B4A-11D0-8D11-00A0C91BC942}") = "Painter", "Painter\Painter.vcxproj", "{286C431E-CBC5-48B5-9B34-6FEABA56C83F}"
EndProject
Global
	GlobalSection(SolutionConfigurationPlatforms) = preSolution
		Debug|x64 = Debug|x64
		Debug|x86 = Debug|x86
		Release|x64 = Release|x64
		Release|x86 = Release|x86
	EndGlobalSection
	GlobalSection(ProjectConfigurationPlatforms) = postSolution
		{ECEB4BCF-E6A5-46C3-AA85-B47C723DBD95}.Debug|x64.ActiveCfg = Debug|x64
		{ECEB4BCF-E6A5-46C3-AA85-B47C723DBD95}.Debug|x64.Build.0 = Debug|x64
		{ECEB4BCF-E6A5-46C3-AA85-B47C723DBD95}.Debug|x86.ActiveCfg = Debug|Win32
		{ECEB4BCF-E6A5-46C3-AA85-B47C723DBD95}.Debug|x86.Build.0 = Debug|Win32
		{ECEB4BCF-E6A5-46C3-AA85-B47C723DBD95}.Release|x64.ActiveCfg = Release|x64
		{ECEB4BCF-E6A5-46C3-AA85-B47C723DBD95}.Release|x64.Build.0 = Release|x64
		{ECEB4BCF-E6A5-46C3-AA85-B47C723DBD95}.Release|x86.ActiveCfg = Release|Win32
		{ECEB4BCF-E6A5-46C3-AA85-B47C723DBD95}.Release|x86.Build.0 = Release|Win32
		{286C431E-CBC5-48B5-9B34-6FEABA56C83F}.Debug|x64.ActiveCfg = Debug|x64
		{286C431E-CBC5-48B5-9B34-6FEABA56C83F}.Debug|x64.Build.0 = Debug|x64
		{286C431E-CBC5-48B5-9B34-6FEABA56C83F}.Debug|x86.ActiveCfg = Debug|Win32
		{286C431E-CBC5-48B5-9B34-6FEABA56C83F}.Debug|x86.Build.0 = Debug|Win32
		{286C431E-CBC5-48B5-9B34-6FEABA56C83F}.Release|x64.ActiveCfg = Release|x64
		{286C431E-CBC5-48B5-9B34-6FEABA56C83F}.Release|x64.Build.0 = Release|x64
		{286C431E-CBC5-48B5-9B34-6FEABA56C83F}.Release|x86.ActiveCfg = Release|Win32
		{286C431E-CBC5-48B5-9B34-6FEABA56C83F}.Release|x86.Build.0 = Release|Win32
	EndGlobalSection
	GlobalSection(SolutionProperties) = preSolution
		HideSolutionNode = FALSE
	EndGlobalSection
	GlobalSection(ExtensibilityGlobals) = postSolution
		SolutionGuid = {6B4B5A94-F2DF-4E25-934E-F0F7E042F55A}
	EndGlobalSection
EndGlobal
